
Microsoft Visual Studio Solution File, Format Version 12.00
# Visual Studio Version 16
VisualStudioVersion = 16.0.29613.14
MinimumVisualStudioVersion = 10.0.40219.1
Project("{8BC9CEB8-8B4A-11D0-8D11-00A0C91BC942}") = "Homework 7.1", "Homework 7.1\Homework 7.1.vcxproj", "{1A8BA6D7-A7FD-4B8A-ACD6-8E79D2F30518}"
EndProject
Project("{2150E333-8FDC-42A3-9474-1A3956D46DE8}") = "Homework 7", "Homework 7", "{860FC6D9-938E-44F4-A6DF-CA850AA2D32D}"
EndProject
Project("{8BC9CEB8-8B4A-11D0-8D11-00A0C91BC942}") = "Homework 7.2", "Homework 7.2\Homework 7.2.vcxproj", "{386C7235-74AD-4EF7-A715-6731FC0F915E}"
EndProject
Project("{8BC9CEB8-8B4A-11D0-8D11-00A0C91BC942}") = "Homework 7.3", "Homework 7.3\Homework 7.3.vcxproj", "{7FB1997B-DB26-47B0-860A-7E1163530653}"
EndProject
Project("{8BC9CEB8-8B4A-11D0-8D11-00A0C91BC942}") = "Homework 7.3.2", "Homework 7.3.2\Homework 7.3.2.vcxproj", "{63629AEC-4504-451B-AA63-DA0437B0BE21}"
EndProject
Project("{8BC9CEB8-8B4A-11D0-8D11-00A0C91BC942}") = "Homework 7.1.2", "Homework 7.1new\Homework 7.1new.vcxproj", "{22C4706B-8A1B-4783-A462-42F6EB5EAE3A}"
EndProject
Project("{2150E333-8FDC-42A3-9474-1A3956D46DE8}") = "Class Sandbox", "Class Sandbox", "{8EFDA0B3-740A-4A91-9456-3959BF3922CF}"
EndProject
Project("{8BC9CEB8-8B4A-11D0-8D11-00A0C91BC942}") = "Question 8.1", "Question 8.1\Question 8.1.vcxproj", "{1C7B06EB-A231-498F-92D7-0D089F34F798}"
EndProject
Project("{8BC9CEB8-8B4A-11D0-8D11-00A0C91BC942}") = "Question 8.4", "Question 8.4\Question 8.4.vcxproj", "{C72CF2E0-F977-469D-B99E-03B3FA4A7D6E}"
EndProject
Project("{2150E333-8FDC-42A3-9474-1A3956D46DE8}") = "Homework", "Homework", "{096CA802-CCCA-40E1-BD68-17F4EA19FF58}"
EndProject
Project("{2150E333-8FDC-42A3-9474-1A3956D46DE8}") = "Homework 8", "Homework 8", "{EF6CED2A-E279-4CE2-959B-45A668D7205D}"
EndProject
Project("{8BC9CEB8-8B4A-11D0-8D11-00A0C91BC942}") = "Homework 8.1", "Homework 8.1\Homework 8.1.vcxproj", "{5E806F5E-0076-49A6-A604-27EE2DE4C471}"
EndProject
Project("{8BC9CEB8-8B4A-11D0-8D11-00A0C91BC942}") = "Homework 8.2", "Homework 8.2\Homework 8.2.vcxproj", "{669610F1-7F9F-4CAE-A1C4-A6C3E78773B9}"
EndProject
Project("{8BC9CEB8-8B4A-11D0-8D11-00A0C91BC942}") = "Homework 8.3", "Homework 8.3\Homework 8.3.vcxproj", "{104C43CB-B03A-4D8D-8346-68AA9A43F45A}"
EndProject
Project("{8BC9CEB8-8B4A-11D0-8D11-00A0C91BC942}") = "Homework 8.4", "Homework 8.4\Homework 8.4.vcxproj", "{0B310D33-4949-4DB9-AB5D-BA77403E96A6}"
EndProject
Project("{2150E333-8FDC-42A3-9474-1A3956D46DE8}") = "Strings", "Strings", "{6475BB35-C692-4693-8D3D-8812DA06A935}"
EndProject
Project("{2150E333-8FDC-42A3-9474-1A3956D46DE8}") = "Pointers", "Pointers", "{2E6BBCC9-42FB-4560-8DA4-7CB281DAC7F2}"
EndProject
Project("{8BC9CEB8-8B4A-11D0-8D11-00A0C91BC942}") = "Question 9.1", "Question 9.1\Question 1.vcxproj", "{1F110A74-BB7C-4298-85F6-3BBE320BD904}"
EndProject
Project("{8BC9CEB8-8B4A-11D0-8D11-00A0C91BC942}") = "Question 9.2", "Question 9.2\Question 2.vcxproj", "{83EDD771-2C15-4452-81B4-EEBF80F9C861}"
EndProject
Project("{8BC9CEB8-8B4A-11D0-8D11-00A0C91BC942}") = "Question 9.3", "Question 9.3\Question 3.vcxproj", "{75222C56-1598-49FC-A1EB-508174ADA386}"
EndProject
Project("{2150E333-8FDC-42A3-9474-1A3956D46DE8}") = "Homework 9", "Homework 9", "{11EF10FC-6081-4406-BEA2-358D6D0BBD7B}"
EndProject
Project("{8BC9CEB8-8B4A-11D0-8D11-00A0C91BC942}") = "Homework 9.1", "Homework 9.1\Homework 9.1.vcxproj", "{7B7819A6-1F78-4A5B-A0CA-79858C5783AC}"
EndProject
Project("{8BC9CEB8-8B4A-11D0-8D11-00A0C91BC942}") = "Homework 9.2", "Homework 9.2\Homework 9.2.vcxproj", "{1F0929AF-722C-4D58-AFCE-1632AFC9059F}"
EndProject
Project("{8BC9CEB8-8B4A-11D0-8D11-00A0C91BC942}") = "Homework 9.3", "Homework 9.3\Homework 9.3.vcxproj", "{0655E317-B0FA-461B-89D7-72FF4BF56607}"
EndProject
Project("{8BC9CEB8-8B4A-11D0-8D11-00A0C91BC942}") = "Homework 9.4", "Homework 9.4\Homework 9.4.vcxproj", "{1B880E0E-9A00-4AC1-90EE-2ED273B5A6A7}"
EndProject
Project("{2150E333-8FDC-42A3-9474-1A3956D46DE8}") = "Pointers Arrays", "Pointers Arrays", "{B53AC2CF-D9F7-41FA-B999-2C8A8BE9161A}"
EndProject
Project("{2150E333-8FDC-42A3-9474-1A3956D46DE8}") = "Homework 5", "Homework 5", "{E82E3488-DF96-4A5D-A995-DEC8B637AC82}"
EndProject
Project("{8BC9CEB8-8B4A-11D0-8D11-00A0C91BC942}") = "Homework 5.3", "Homework 5.3\Homework 5.3.vcxproj", "{E05372BC-A57C-49B4-A09D-D014209560A5}"
EndProject
Project("{8BC9CEB8-8B4A-11D0-8D11-00A0C91BC942}") = "Homework 5.2", "Homework 5.2\Homework 5.2.vcxproj", "{757873D7-9FE2-478C-B800-9F61D313C633}"
EndProject
Project("{8BC9CEB8-8B4A-11D0-8D11-00A0C91BC942}") = "Homework 5.1", "Homework 5.1\Homework 5.1.vcxproj", "{1F7D4103-AD04-4092-A6A8-D90F8C884D4A}"
EndProject
Project("{2150E333-8FDC-42A3-9474-1A3956D46DE8}") = "Homework 4", "Homework 4", "{D6A704C8-D07E-4438-AD13-D2980012F077}"
EndProject
Project("{8BC9CEB8-8B4A-11D0-8D11-00A0C91BC942}") = "Homework 4.4", "Homework 4.4\Homework 4.4.vcxproj", "{254AFFAE-BF77-4F2A-9480-7DA7F2AA0855}"
EndProject
Project("{8BC9CEB8-8B4A-11D0-8D11-00A0C91BC942}") = "Homework 4.3", "Homework 4.3\Homework 4.3.vcxproj", "{3C34326D-D720-40EE-A5FC-7B7EA885E07C}"
EndProject
Project("{8BC9CEB8-8B4A-11D0-8D11-00A0C91BC942}") = "Homework 4.2", "Homework 4.2\Homework 4.2.vcxproj", "{2BC20E93-FBB2-459A-B8BC-6934AA510A31}"
EndProject
Project("{8BC9CEB8-8B4A-11D0-8D11-00A0C91BC942}") = "Homework 4.1", "Homework 4.1\Homework 4.1.vcxproj", "{F26784EB-30AE-4B43-8CEB-98FB167DFCF3}"
EndProject
Project("{8BC9CEB8-8B4A-11D0-8D11-00A0C91BC942}") = "Question 10.1", "Question 10.1\Question 10.1.vcxproj", "{A2BD640B-DC80-41A0-9080-657C0474BE58}"
EndProject
Project("{8BC9CEB8-8B4A-11D0-8D11-00A0C91BC942}") = "Question 10.2", "Question 10.2\Question 10.2.vcxproj", "{B1D050E3-838B-4620-BB2D-6B1E2EB9AE9C}"
EndProject
Project("{2150E333-8FDC-42A3-9474-1A3956D46DE8}") = "Homework 10", "Homework 10", "{097C42CF-4C67-4777-A690-7DBE960E143D}"
EndProject
Project("{8BC9CEB8-8B4A-11D0-8D11-00A0C91BC942}") = "Homework 10.1", "Homework 10.1\Homework 10.1.vcxproj", "{580155C1-B5B1-4D52-A71B-F9A44A98D89A}"
EndProject
Project("{8BC9CEB8-8B4A-11D0-8D11-00A0C91BC942}") = "Homework 10.2", "Homework 10.2\Homework 10.2.vcxproj", "{6DF899A9-FF46-404C-B192-0B764177C5D0}"
EndProject
Project("{8BC9CEB8-8B4A-11D0-8D11-00A0C91BC942}") = "Homework 10.3", "Homework 10.3\Homework 10.3.vcxproj", "{FAF3DE93-4AD5-4AD5-8739-2867E99290B2}"
EndProject
Project("{2150E333-8FDC-42A3-9474-1A3956D46DE8}") = "Homework 11", "Homework 11", "{6DA3C724-49FD-451F-BBD5-FFC5DD89EFE8}"
EndProject
Project("{8BC9CEB8-8B4A-11D0-8D11-00A0C91BC942}") = "Homework 11.1", "Homework 11.1\Homework 11.1.vcxproj", "{0B30FEB1-1E72-444D-AD2B-993C23B31CF2}"
EndProject
Global
	GlobalSection(SolutionConfigurationPlatforms) = preSolution
		Debug|x64 = Debug|x64
		Debug|x86 = Debug|x86
		Release|x64 = Release|x64
		Release|x86 = Release|x86
	EndGlobalSection
	GlobalSection(ProjectConfigurationPlatforms) = postSolution
		{1A8BA6D7-A7FD-4B8A-ACD6-8E79D2F30518}.Debug|x64.ActiveCfg = Debug|x64
		{1A8BA6D7-A7FD-4B8A-ACD6-8E79D2F30518}.Debug|x64.Build.0 = Debug|x64
		{1A8BA6D7-A7FD-4B8A-ACD6-8E79D2F30518}.Debug|x86.ActiveCfg = Debug|Win32
		{1A8BA6D7-A7FD-4B8A-ACD6-8E79D2F30518}.Debug|x86.Build.0 = Debug|Win32
		{1A8BA6D7-A7FD-4B8A-ACD6-8E79D2F30518}.Release|x64.ActiveCfg = Release|x64
		{1A8BA6D7-A7FD-4B8A-ACD6-8E79D2F30518}.Release|x64.Build.0 = Release|x64
		{1A8BA6D7-A7FD-4B8A-ACD6-8E79D2F30518}.Release|x86.ActiveCfg = Release|Win32
		{1A8BA6D7-A7FD-4B8A-ACD6-8E79D2F30518}.Release|x86.Build.0 = Release|Win32
		{386C7235-74AD-4EF7-A715-6731FC0F915E}.Debug|x64.ActiveCfg = Debug|x64
		{386C7235-74AD-4EF7-A715-6731FC0F915E}.Debug|x64.Build.0 = Debug|x64
		{386C7235-74AD-4EF7-A715-6731FC0F915E}.Debug|x86.ActiveCfg = Debug|Win32
		{386C7235-74AD-4EF7-A715-6731FC0F915E}.Debug|x86.Build.0 = Debug|Win32
		{386C7235-74AD-4EF7-A715-6731FC0F915E}.Release|x64.ActiveCfg = Release|x64
		{386C7235-74AD-4EF7-A715-6731FC0F915E}.Release|x64.Build.0 = Release|x64
		{386C7235-74AD-4EF7-A715-6731FC0F915E}.Release|x86.ActiveCfg = Release|Win32
		{386C7235-74AD-4EF7-A715-6731FC0F915E}.Release|x86.Build.0 = Release|Win32
		{7FB1997B-DB26-47B0-860A-7E1163530653}.Debug|x64.ActiveCfg = Debug|x64
		{7FB1997B-DB26-47B0-860A-7E1163530653}.Debug|x64.Build.0 = Debug|x64
		{7FB1997B-DB26-47B0-860A-7E1163530653}.Debug|x86.ActiveCfg = Debug|Win32
		{7FB1997B-DB26-47B0-860A-7E1163530653}.Debug|x86.Build.0 = Debug|Win32
		{7FB1997B-DB26-47B0-860A-7E1163530653}.Release|x64.ActiveCfg = Release|x64
		{7FB1997B-DB26-47B0-860A-7E1163530653}.Release|x64.Build.0 = Release|x64
		{7FB1997B-DB26-47B0-860A-7E1163530653}.Release|x86.ActiveCfg = Release|Win32
		{7FB1997B-DB26-47B0-860A-7E1163530653}.Release|x86.Build.0 = Release|Win32
		{63629AEC-4504-451B-AA63-DA0437B0BE21}.Debug|x64.ActiveCfg = Debug|x64
		{63629AEC-4504-451B-AA63-DA0437B0BE21}.Debug|x64.Build.0 = Debug|x64
		{63629AEC-4504-451B-AA63-DA0437B0BE21}.Debug|x86.ActiveCfg = Debug|Win32
		{63629AEC-4504-451B-AA63-DA0437B0BE21}.Debug|x86.Build.0 = Debug|Win32
		{63629AEC-4504-451B-AA63-DA0437B0BE21}.Release|x64.ActiveCfg = Release|x64
		{63629AEC-4504-451B-AA63-DA0437B0BE21}.Release|x64.Build.0 = Release|x64
		{63629AEC-4504-451B-AA63-DA0437B0BE21}.Release|x86.ActiveCfg = Release|Win32
		{63629AEC-4504-451B-AA63-DA0437B0BE21}.Release|x86.Build.0 = Release|Win32
		{22C4706B-8A1B-4783-A462-42F6EB5EAE3A}.Debug|x64.ActiveCfg = Debug|x64
		{22C4706B-8A1B-4783-A462-42F6EB5EAE3A}.Debug|x64.Build.0 = Debug|x64
		{22C4706B-8A1B-4783-A462-42F6EB5EAE3A}.Debug|x86.ActiveCfg = Debug|Win32
		{22C4706B-8A1B-4783-A462-42F6EB5EAE3A}.Debug|x86.Build.0 = Debug|Win32
		{22C4706B-8A1B-4783-A462-42F6EB5EAE3A}.Release|x64.ActiveCfg = Release|x64
		{22C4706B-8A1B-4783-A462-42F6EB5EAE3A}.Release|x64.Build.0 = Release|x64
		{22C4706B-8A1B-4783-A462-42F6EB5EAE3A}.Release|x86.ActiveCfg = Release|Win32
		{22C4706B-8A1B-4783-A462-42F6EB5EAE3A}.Release|x86.Build.0 = Release|Win32
		{1C7B06EB-A231-498F-92D7-0D089F34F798}.Debug|x64.ActiveCfg = Debug|x64
		{1C7B06EB-A231-498F-92D7-0D089F34F798}.Debug|x64.Build.0 = Debug|x64
		{1C7B06EB-A231-498F-92D7-0D089F34F798}.Debug|x86.ActiveCfg = Debug|Win32
		{1C7B06EB-A231-498F-92D7-0D089F34F798}.Debug|x86.Build.0 = Debug|Win32
		{1C7B06EB-A231-498F-92D7-0D089F34F798}.Release|x64.ActiveCfg = Release|x64
		{1C7B06EB-A231-498F-92D7-0D089F34F798}.Release|x64.Build.0 = Release|x64
		{1C7B06EB-A231-498F-92D7-0D089F34F798}.Release|x86.ActiveCfg = Release|Win32
		{1C7B06EB-A231-498F-92D7-0D089F34F798}.Release|x86.Build.0 = Release|Win32
		{C72CF2E0-F977-469D-B99E-03B3FA4A7D6E}.Debug|x64.ActiveCfg = Debug|x64
		{C72CF2E0-F977-469D-B99E-03B3FA4A7D6E}.Debug|x64.Build.0 = Debug|x64
		{C72CF2E0-F977-469D-B99E-03B3FA4A7D6E}.Debug|x86.ActiveCfg = Debug|Win32
		{C72CF2E0-F977-469D-B99E-03B3FA4A7D6E}.Debug|x86.Build.0 = Debug|Win32
		{C72CF2E0-F977-469D-B99E-03B3FA4A7D6E}.Release|x64.ActiveCfg = Release|x64
		{C72CF2E0-F977-469D-B99E-03B3FA4A7D6E}.Release|x64.Build.0 = Release|x64
		{C72CF2E0-F977-469D-B99E-03B3FA4A7D6E}.Release|x86.ActiveCfg = Release|Win32
		{C72CF2E0-F977-469D-B99E-03B3FA4A7D6E}.Release|x86.Build.0 = Release|Win32
		{5E806F5E-0076-49A6-A604-27EE2DE4C471}.Debug|x64.ActiveCfg = Debug|x64
		{5E806F5E-0076-49A6-A604-27EE2DE4C471}.Debug|x64.Build.0 = Debug|x64
		{5E806F5E-0076-49A6-A604-27EE2DE4C471}.Debug|x86.ActiveCfg = Debug|Win32
		{5E806F5E-0076-49A6-A604-27EE2DE4C471}.Debug|x86.Build.0 = Debug|Win32
		{5E806F5E-0076-49A6-A604-27EE2DE4C471}.Release|x64.ActiveCfg = Release|x64
		{5E806F5E-0076-49A6-A604-27EE2DE4C471}.Release|x64.Build.0 = Release|x64
		{5E806F5E-0076-49A6-A604-27EE2DE4C471}.Release|x86.ActiveCfg = Release|Win32
		{5E806F5E-0076-49A6-A604-27EE2DE4C471}.Release|x86.Build.0 = Release|Win32
		{669610F1-7F9F-4CAE-A1C4-A6C3E78773B9}.Debug|x64.ActiveCfg = Debug|x64
		{669610F1-7F9F-4CAE-A1C4-A6C3E78773B9}.Debug|x64.Build.0 = Debug|x64
		{669610F1-7F9F-4CAE-A1C4-A6C3E78773B9}.Debug|x86.ActiveCfg = Debug|Win32
		{669610F1-7F9F-4CAE-A1C4-A6C3E78773B9}.Debug|x86.Build.0 = Debug|Win32
		{669610F1-7F9F-4CAE-A1C4-A6C3E78773B9}.Release|x64.ActiveCfg = Release|x64
		{669610F1-7F9F-4CAE-A1C4-A6C3E78773B9}.Release|x64.Build.0 = Release|x64
		{669610F1-7F9F-4CAE-A1C4-A6C3E78773B9}.Release|x86.ActiveCfg = Release|Win32
		{669610F1-7F9F-4CAE-A1C4-A6C3E78773B9}.Release|x86.Build.0 = Release|Win32
		{104C43CB-B03A-4D8D-8346-68AA9A43F45A}.Debug|x64.ActiveCfg = Debug|x64
		{104C43CB-B03A-4D8D-8346-68AA9A43F45A}.Debug|x64.Build.0 = Debug|x64
		{104C43CB-B03A-4D8D-8346-68AA9A43F45A}.Debug|x86.ActiveCfg = Debug|Win32
		{104C43CB-B03A-4D8D-8346-68AA9A43F45A}.Debug|x86.Build.0 = Debug|Win32
		{104C43CB-B03A-4D8D-8346-68AA9A43F45A}.Release|x64.ActiveCfg = Release|x64
		{104C43CB-B03A-4D8D-8346-68AA9A43F45A}.Release|x64.Build.0 = Release|x64
		{104C43CB-B03A-4D8D-8346-68AA9A43F45A}.Release|x86.ActiveCfg = Release|Win32
		{104C43CB-B03A-4D8D-8346-68AA9A43F45A}.Release|x86.Build.0 = Release|Win32
		{0B310D33-4949-4DB9-AB5D-BA77403E96A6}.Debug|x64.ActiveCfg = Debug|x64
		{0B310D33-4949-4DB9-AB5D-BA77403E96A6}.Debug|x64.Build.0 = Debug|x64
		{0B310D33-4949-4DB9-AB5D-BA77403E96A6}.Debug|x86.ActiveCfg = Debug|Win32
		{0B310D33-4949-4DB9-AB5D-BA77403E96A6}.Debug|x86.Build.0 = Debug|Win32
		{0B310D33-4949-4DB9-AB5D-BA77403E96A6}.Release|x64.ActiveCfg = Release|x64
		{0B310D33-4949-4DB9-AB5D-BA77403E96A6}.Release|x64.Build.0 = Release|x64
		{0B310D33-4949-4DB9-AB5D-BA77403E96A6}.Release|x86.ActiveCfg = Release|Win32
		{0B310D33-4949-4DB9-AB5D-BA77403E96A6}.Release|x86.Build.0 = Release|Win32
		{1F110A74-BB7C-4298-85F6-3BBE320BD904}.Debug|x64.ActiveCfg = Debug|x64
		{1F110A74-BB7C-4298-85F6-3BBE320BD904}.Debug|x64.Build.0 = Debug|x64
		{1F110A74-BB7C-4298-85F6-3BBE320BD904}.Debug|x86.ActiveCfg = Debug|Win32
		{1F110A74-BB7C-4298-85F6-3BBE320BD904}.Debug|x86.Build.0 = Debug|Win32
		{1F110A74-BB7C-4298-85F6-3BBE320BD904}.Release|x64.ActiveCfg = Release|x64
		{1F110A74-BB7C-4298-85F6-3BBE320BD904}.Release|x64.Build.0 = Release|x64
		{1F110A74-BB7C-4298-85F6-3BBE320BD904}.Release|x86.ActiveCfg = Release|Win32
		{1F110A74-BB7C-4298-85F6-3BBE320BD904}.Release|x86.Build.0 = Release|Win32
		{83EDD771-2C15-4452-81B4-EEBF80F9C861}.Debug|x64.ActiveCfg = Debug|x64
		{83EDD771-2C15-4452-81B4-EEBF80F9C861}.Debug|x64.Build.0 = Debug|x64
		{83EDD771-2C15-4452-81B4-EEBF80F9C861}.Debug|x86.ActiveCfg = Debug|Win32
		{83EDD771-2C15-4452-81B4-EEBF80F9C861}.Debug|x86.Build.0 = Debug|Win32
		{83EDD771-2C15-4452-81B4-EEBF80F9C861}.Release|x64.ActiveCfg = Release|x64
		{83EDD771-2C15-4452-81B4-EEBF80F9C861}.Release|x64.Build.0 = Release|x64
		{83EDD771-2C15-4452-81B4-EEBF80F9C861}.Release|x86.ActiveCfg = Release|Win32
		{83EDD771-2C15-4452-81B4-EEBF80F9C861}.Release|x86.Build.0 = Release|Win32
		{75222C56-1598-49FC-A1EB-508174ADA386}.Debug|x64.ActiveCfg = Debug|x64
		{75222C56-1598-49FC-A1EB-508174ADA386}.Debug|x64.Build.0 = Debug|x64
		{75222C56-1598-49FC-A1EB-508174ADA386}.Debug|x86.ActiveCfg = Debug|Win32
		{75222C56-1598-49FC-A1EB-508174ADA386}.Debug|x86.Build.0 = Debug|Win32
		{75222C56-1598-49FC-A1EB-508174ADA386}.Release|x64.ActiveCfg = Release|x64
		{75222C56-1598-49FC-A1EB-508174ADA386}.Release|x64.Build.0 = Release|x64
		{75222C56-1598-49FC-A1EB-508174ADA386}.Release|x86.ActiveCfg = Release|Win32
		{75222C56-1598-49FC-A1EB-508174ADA386}.Release|x86.Build.0 = Release|Win32
		{7B7819A6-1F78-4A5B-A0CA-79858C5783AC}.Debug|x64.ActiveCfg = Debug|x64
		{7B7819A6-1F78-4A5B-A0CA-79858C5783AC}.Debug|x64.Build.0 = Debug|x64
		{7B7819A6-1F78-4A5B-A0CA-79858C5783AC}.Debug|x86.ActiveCfg = Debug|Win32
		{7B7819A6-1F78-4A5B-A0CA-79858C5783AC}.Debug|x86.Build.0 = Debug|Win32
		{7B7819A6-1F78-4A5B-A0CA-79858C5783AC}.Release|x64.ActiveCfg = Release|x64
		{7B7819A6-1F78-4A5B-A0CA-79858C5783AC}.Release|x64.Build.0 = Release|x64
		{7B7819A6-1F78-4A5B-A0CA-79858C5783AC}.Release|x86.ActiveCfg = Release|Win32
		{7B7819A6-1F78-4A5B-A0CA-79858C5783AC}.Release|x86.Build.0 = Release|Win32
		{1F0929AF-722C-4D58-AFCE-1632AFC9059F}.Debug|x64.ActiveCfg = Debug|x64
		{1F0929AF-722C-4D58-AFCE-1632AFC9059F}.Debug|x64.Build.0 = Debug|x64
		{1F0929AF-722C-4D58-AFCE-1632AFC9059F}.Debug|x86.ActiveCfg = Debug|Win32
		{1F0929AF-722C-4D58-AFCE-1632AFC9059F}.Debug|x86.Build.0 = Debug|Win32
		{1F0929AF-722C-4D58-AFCE-1632AFC9059F}.Release|x64.ActiveCfg = Release|x64
		{1F0929AF-722C-4D58-AFCE-1632AFC9059F}.Release|x64.Build.0 = Release|x64
		{1F0929AF-722C-4D58-AFCE-1632AFC9059F}.Release|x86.ActiveCfg = Release|Win32
		{1F0929AF-722C-4D58-AFCE-1632AFC9059F}.Release|x86.Build.0 = Release|Win32
		{0655E317-B0FA-461B-89D7-72FF4BF56607}.Debug|x64.ActiveCfg = Debug|x64
		{0655E317-B0FA-461B-89D7-72FF4BF56607}.Debug|x64.Build.0 = Debug|x64
		{0655E317-B0FA-461B-89D7-72FF4BF56607}.Debug|x86.ActiveCfg = Debug|Win32
		{0655E317-B0FA-461B-89D7-72FF4BF56607}.Debug|x86.Build.0 = Debug|Win32
		{0655E317-B0FA-461B-89D7-72FF4BF56607}.Release|x64.ActiveCfg = Release|x64
		{0655E317-B0FA-461B-89D7-72FF4BF56607}.Release|x64.Build.0 = Release|x64
		{0655E317-B0FA-461B-89D7-72FF4BF56607}.Release|x86.ActiveCfg = Release|Win32
		{0655E317-B0FA-461B-89D7-72FF4BF56607}.Release|x86.Build.0 = Release|Win32
		{1B880E0E-9A00-4AC1-90EE-2ED273B5A6A7}.Debug|x64.ActiveCfg = Debug|x64
		{1B880E0E-9A00-4AC1-90EE-2ED273B5A6A7}.Debug|x64.Build.0 = Debug|x64
		{1B880E0E-9A00-4AC1-90EE-2ED273B5A6A7}.Debug|x86.ActiveCfg = Debug|Win32
		{1B880E0E-9A00-4AC1-90EE-2ED273B5A6A7}.Debug|x86.Build.0 = Debug|Win32
		{1B880E0E-9A00-4AC1-90EE-2ED273B5A6A7}.Release|x64.ActiveCfg = Release|x64
		{1B880E0E-9A00-4AC1-90EE-2ED273B5A6A7}.Release|x64.Build.0 = Release|x64
		{1B880E0E-9A00-4AC1-90EE-2ED273B5A6A7}.Release|x86.ActiveCfg = Release|Win32
		{1B880E0E-9A00-4AC1-90EE-2ED273B5A6A7}.Release|x86.Build.0 = Release|Win32
		{E05372BC-A57C-49B4-A09D-D014209560A5}.Debug|x64.ActiveCfg = Debug|x64
		{E05372BC-A57C-49B4-A09D-D014209560A5}.Debug|x64.Build.0 = Debug|x64
		{E05372BC-A57C-49B4-A09D-D014209560A5}.Debug|x86.ActiveCfg = Debug|Win32
		{E05372BC-A57C-49B4-A09D-D014209560A5}.Debug|x86.Build.0 = Debug|Win32
		{E05372BC-A57C-49B4-A09D-D014209560A5}.Release|x64.ActiveCfg = Release|x64
		{E05372BC-A57C-49B4-A09D-D014209560A5}.Release|x64.Build.0 = Release|x64
		{E05372BC-A57C-49B4-A09D-D014209560A5}.Release|x86.ActiveCfg = Release|Win32
		{E05372BC-A57C-49B4-A09D-D014209560A5}.Release|x86.Build.0 = Release|Win32
		{757873D7-9FE2-478C-B800-9F61D313C633}.Debug|x64.ActiveCfg = Debug|x64
		{757873D7-9FE2-478C-B800-9F61D313C633}.Debug|x64.Build.0 = Debug|x64
		{757873D7-9FE2-478C-B800-9F61D313C633}.Debug|x86.ActiveCfg = Debug|Win32
		{757873D7-9FE2-478C-B800-9F61D313C633}.Debug|x86.Build.0 = Debug|Win32
		{757873D7-9FE2-478C-B800-9F61D313C633}.Release|x64.ActiveCfg = Release|x64
		{757873D7-9FE2-478C-B800-9F61D313C633}.Release|x64.Build.0 = Release|x64
		{757873D7-9FE2-478C-B800-9F61D313C633}.Release|x86.ActiveCfg = Release|Win32
		{757873D7-9FE2-478C-B800-9F61D313C633}.Release|x86.Build.0 = Release|Win32
		{1F7D4103-AD04-4092-A6A8-D90F8C884D4A}.Debug|x64.ActiveCfg = Debug|x64
		{1F7D4103-AD04-4092-A6A8-D90F8C884D4A}.Debug|x64.Build.0 = Debug|x64
		{1F7D4103-AD04-4092-A6A8-D90F8C884D4A}.Debug|x86.ActiveCfg = Debug|Win32
		{1F7D4103-AD04-4092-A6A8-D90F8C884D4A}.Debug|x86.Build.0 = Debug|Win32
		{1F7D4103-AD04-4092-A6A8-D90F8C884D4A}.Release|x64.ActiveCfg = Release|x64
		{1F7D4103-AD04-4092-A6A8-D90F8C884D4A}.Release|x64.Build.0 = Release|x64
		{1F7D4103-AD04-4092-A6A8-D90F8C884D4A}.Release|x86.ActiveCfg = Release|Win32
		{1F7D4103-AD04-4092-A6A8-D90F8C884D4A}.Release|x86.Build.0 = Release|Win32
		{254AFFAE-BF77-4F2A-9480-7DA7F2AA0855}.Debug|x64.ActiveCfg = Debug|x64
		{254AFFAE-BF77-4F2A-9480-7DA7F2AA0855}.Debug|x64.Build.0 = Debug|x64
		{254AFFAE-BF77-4F2A-9480-7DA7F2AA0855}.Debug|x86.ActiveCfg = Debug|Win32
		{254AFFAE-BF77-4F2A-9480-7DA7F2AA0855}.Debug|x86.Build.0 = Debug|Win32
		{254AFFAE-BF77-4F2A-9480-7DA7F2AA0855}.Release|x64.ActiveCfg = Release|x64
		{254AFFAE-BF77-4F2A-9480-7DA7F2AA0855}.Release|x64.Build.0 = Release|x64
		{254AFFAE-BF77-4F2A-9480-7DA7F2AA0855}.Release|x86.ActiveCfg = Release|Win32
		{254AFFAE-BF77-4F2A-9480-7DA7F2AA0855}.Release|x86.Build.0 = Release|Win32
		{3C34326D-D720-40EE-A5FC-7B7EA885E07C}.Debug|x64.ActiveCfg = Debug|x64
		{3C34326D-D720-40EE-A5FC-7B7EA885E07C}.Debug|x64.Build.0 = Debug|x64
		{3C34326D-D720-40EE-A5FC-7B7EA885E07C}.Debug|x86.ActiveCfg = Debug|Win32
		{3C34326D-D720-40EE-A5FC-7B7EA885E07C}.Debug|x86.Build.0 = Debug|Win32
		{3C34326D-D720-40EE-A5FC-7B7EA885E07C}.Release|x64.ActiveCfg = Release|x64
		{3C34326D-D720-40EE-A5FC-7B7EA885E07C}.Release|x64.Build.0 = Release|x64
		{3C34326D-D720-40EE-A5FC-7B7EA885E07C}.Release|x86.ActiveCfg = Release|Win32
		{3C34326D-D720-40EE-A5FC-7B7EA885E07C}.Release|x86.Build.0 = Release|Win32
		{2BC20E93-FBB2-459A-B8BC-6934AA510A31}.Debug|x64.ActiveCfg = Debug|x64
		{2BC20E93-FBB2-459A-B8BC-6934AA510A31}.Debug|x64.Build.0 = Debug|x64
		{2BC20E93-FBB2-459A-B8BC-6934AA510A31}.Debug|x86.ActiveCfg = Debug|Win32
		{2BC20E93-FBB2-459A-B8BC-6934AA510A31}.Debug|x86.Build.0 = Debug|Win32
		{2BC20E93-FBB2-459A-B8BC-6934AA510A31}.Release|x64.ActiveCfg = Release|x64
		{2BC20E93-FBB2-459A-B8BC-6934AA510A31}.Release|x64.Build.0 = Release|x64
		{2BC20E93-FBB2-459A-B8BC-6934AA510A31}.Release|x86.ActiveCfg = Release|Win32
		{2BC20E93-FBB2-459A-B8BC-6934AA510A31}.Release|x86.Build.0 = Release|Win32
		{F26784EB-30AE-4B43-8CEB-98FB167DFCF3}.Debug|x64.ActiveCfg = Debug|x64
		{F26784EB-30AE-4B43-8CEB-98FB167DFCF3}.Debug|x64.Build.0 = Debug|x64
		{F26784EB-30AE-4B43-8CEB-98FB167DFCF3}.Debug|x86.ActiveCfg = Debug|Win32
		{F26784EB-30AE-4B43-8CEB-98FB167DFCF3}.Debug|x86.Build.0 = Debug|Win32
		{F26784EB-30AE-4B43-8CEB-98FB167DFCF3}.Release|x64.ActiveCfg = Release|x64
		{F26784EB-30AE-4B43-8CEB-98FB167DFCF3}.Release|x64.Build.0 = Release|x64
		{F26784EB-30AE-4B43-8CEB-98FB167DFCF3}.Release|x86.ActiveCfg = Release|Win32
		{F26784EB-30AE-4B43-8CEB-98FB167DFCF3}.Release|x86.Build.0 = Release|Win32
		{A2BD640B-DC80-41A0-9080-657C0474BE58}.Debug|x64.ActiveCfg = Debug|x64
		{A2BD640B-DC80-41A0-9080-657C0474BE58}.Debug|x64.Build.0 = Debug|x64
		{A2BD640B-DC80-41A0-9080-657C0474BE58}.Debug|x86.ActiveCfg = Debug|Win32
		{A2BD640B-DC80-41A0-9080-657C0474BE58}.Debug|x86.Build.0 = Debug|Win32
		{A2BD640B-DC80-41A0-9080-657C0474BE58}.Release|x64.ActiveCfg = Release|x64
		{A2BD640B-DC80-41A0-9080-657C0474BE58}.Release|x64.Build.0 = Release|x64
		{A2BD640B-DC80-41A0-9080-657C0474BE58}.Release|x86.ActiveCfg = Release|Win32
		{A2BD640B-DC80-41A0-9080-657C0474BE58}.Release|x86.Build.0 = Release|Win32
		{B1D050E3-838B-4620-BB2D-6B1E2EB9AE9C}.Debug|x64.ActiveCfg = Debug|x64
		{B1D050E3-838B-4620-BB2D-6B1E2EB9AE9C}.Debug|x64.Build.0 = Debug|x64
		{B1D050E3-838B-4620-BB2D-6B1E2EB9AE9C}.Debug|x86.ActiveCfg = Debug|Win32
		{B1D050E3-838B-4620-BB2D-6B1E2EB9AE9C}.Debug|x86.Build.0 = Debug|Win32
		{B1D050E3-838B-4620-BB2D-6B1E2EB9AE9C}.Release|x64.ActiveCfg = Release|x64
		{B1D050E3-838B-4620-BB2D-6B1E2EB9AE9C}.Release|x64.Build.0 = Release|x64
		{B1D050E3-838B-4620-BB2D-6B1E2EB9AE9C}.Release|x86.ActiveCfg = Release|Win32
		{B1D050E3-838B-4620-BB2D-6B1E2EB9AE9C}.Release|x86.Build.0 = Release|Win32
		{580155C1-B5B1-4D52-A71B-F9A44A98D89A}.Debug|x64.ActiveCfg = Debug|x64
		{580155C1-B5B1-4D52-A71B-F9A44A98D89A}.Debug|x64.Build.0 = Debug|x64
		{580155C1-B5B1-4D52-A71B-F9A44A98D89A}.Debug|x86.ActiveCfg = Debug|Win32
		{580155C1-B5B1-4D52-A71B-F9A44A98D89A}.Debug|x86.Build.0 = Debug|Win32
		{580155C1-B5B1-4D52-A71B-F9A44A98D89A}.Release|x64.ActiveCfg = Release|x64
		{580155C1-B5B1-4D52-A71B-F9A44A98D89A}.Release|x64.Build.0 = Release|x64
		{580155C1-B5B1-4D52-A71B-F9A44A98D89A}.Release|x86.ActiveCfg = Release|Win32
		{580155C1-B5B1-4D52-A71B-F9A44A98D89A}.Release|x86.Build.0 = Release|Win32
		{6DF899A9-FF46-404C-B192-0B764177C5D0}.Debug|x64.ActiveCfg = Debug|x64
		{6DF899A9-FF46-404C-B192-0B764177C5D0}.Debug|x64.Build.0 = Debug|x64
		{6DF899A9-FF46-404C-B192-0B764177C5D0}.Debug|x86.ActiveCfg = Debug|Win32
		{6DF899A9-FF46-404C-B192-0B764177C5D0}.Debug|x86.Build.0 = Debug|Win32
		{6DF899A9-FF46-404C-B192-0B764177C5D0}.Release|x64.ActiveCfg = Release|x64
		{6DF899A9-FF46-404C-B192-0B764177C5D0}.Release|x64.Build.0 = Release|x64
		{6DF899A9-FF46-404C-B192-0B764177C5D0}.Release|x86.ActiveCfg = Release|Win32
		{6DF899A9-FF46-404C-B192-0B764177C5D0}.Release|x86.Build.0 = Release|Win32
		{FAF3DE93-4AD5-4AD5-8739-2867E99290B2}.Debug|x64.ActiveCfg = Debug|x64
		{FAF3DE93-4AD5-4AD5-8739-2867E99290B2}.Debug|x64.Build.0 = Debug|x64
		{FAF3DE93-4AD5-4AD5-8739-2867E99290B2}.Debug|x86.ActiveCfg = Debug|Win32
		{FAF3DE93-4AD5-4AD5-8739-2867E99290B2}.Debug|x86.Build.0 = Debug|Win32
		{FAF3DE93-4AD5-4AD5-8739-2867E99290B2}.Release|x64.ActiveCfg = Release|x64
		{FAF3DE93-4AD5-4AD5-8739-2867E99290B2}.Release|x64.Build.0 = Release|x64
		{FAF3DE93-4AD5-4AD5-8739-2867E99290B2}.Release|x86.ActiveCfg = Release|Win32
		{FAF3DE93-4AD5-4AD5-8739-2867E99290B2}.Release|x86.Build.0 = Release|Win32
		{0B30FEB1-1E72-444D-AD2B-993C23B31CF2}.Debug|x64.ActiveCfg = Debug|x64
		{0B30FEB1-1E72-444D-AD2B-993C23B31CF2}.Debug|x64.Build.0 = Debug|x64
		{0B30FEB1-1E72-444D-AD2B-993C23B31CF2}.Debug|x86.ActiveCfg = Debug|Win32
		{0B30FEB1-1E72-444D-AD2B-993C23B31CF2}.Debug|x86.Build.0 = Debug|Win32
		{0B30FEB1-1E72-444D-AD2B-993C23B31CF2}.Release|x64.ActiveCfg = Release|x64
		{0B30FEB1-1E72-444D-AD2B-993C23B31CF2}.Release|x64.Build.0 = Release|x64
		{0B30FEB1-1E72-444D-AD2B-993C23B31CF2}.Release|x86.ActiveCfg = Release|Win32
		{0B30FEB1-1E72-444D-AD2B-993C23B31CF2}.Release|x86.Build.0 = Release|Win32
	EndGlobalSection
	GlobalSection(SolutionProperties) = preSolution
		HideSolutionNode = FALSE
	EndGlobalSection
	GlobalSection(NestedProjects) = preSolution
		{1A8BA6D7-A7FD-4B8A-ACD6-8E79D2F30518} = {860FC6D9-938E-44F4-A6DF-CA850AA2D32D}
		{860FC6D9-938E-44F4-A6DF-CA850AA2D32D} = {096CA802-CCCA-40E1-BD68-17F4EA19FF58}
		{386C7235-74AD-4EF7-A715-6731FC0F915E} = {860FC6D9-938E-44F4-A6DF-CA850AA2D32D}
		{7FB1997B-DB26-47B0-860A-7E1163530653} = {860FC6D9-938E-44F4-A6DF-CA850AA2D32D}
		{63629AEC-4504-451B-AA63-DA0437B0BE21} = {860FC6D9-938E-44F4-A6DF-CA850AA2D32D}
		{22C4706B-8A1B-4783-A462-42F6EB5EAE3A} = {860FC6D9-938E-44F4-A6DF-CA850AA2D32D}
		{1C7B06EB-A231-498F-92D7-0D089F34F798} = {6475BB35-C692-4693-8D3D-8812DA06A935}
		{C72CF2E0-F977-469D-B99E-03B3FA4A7D6E} = {6475BB35-C692-4693-8D3D-8812DA06A935}
		{EF6CED2A-E279-4CE2-959B-45A668D7205D} = {096CA802-CCCA-40E1-BD68-17F4EA19FF58}
		{5E806F5E-0076-49A6-A604-27EE2DE4C471} = {EF6CED2A-E279-4CE2-959B-45A668D7205D}
		{669610F1-7F9F-4CAE-A1C4-A6C3E78773B9} = {EF6CED2A-E279-4CE2-959B-45A668D7205D}
		{104C43CB-B03A-4D8D-8346-68AA9A43F45A} = {EF6CED2A-E279-4CE2-959B-45A668D7205D}
		{0B310D33-4949-4DB9-AB5D-BA77403E96A6} = {EF6CED2A-E279-4CE2-959B-45A668D7205D}
		{6475BB35-C692-4693-8D3D-8812DA06A935} = {8EFDA0B3-740A-4A91-9456-3959BF3922CF}
		{2E6BBCC9-42FB-4560-8DA4-7CB281DAC7F2} = {8EFDA0B3-740A-4A91-9456-3959BF3922CF}
		{1F110A74-BB7C-4298-85F6-3BBE320BD904} = {2E6BBCC9-42FB-4560-8DA4-7CB281DAC7F2}
		{83EDD771-2C15-4452-81B4-EEBF80F9C861} = {2E6BBCC9-42FB-4560-8DA4-7CB281DAC7F2}
		{75222C56-1598-49FC-A1EB-508174ADA386} = {2E6BBCC9-42FB-4560-8DA4-7CB281DAC7F2}
		{11EF10FC-6081-4406-BEA2-358D6D0BBD7B} = {096CA802-CCCA-40E1-BD68-17F4EA19FF58}
		{7B7819A6-1F78-4A5B-A0CA-79858C5783AC} = {11EF10FC-6081-4406-BEA2-358D6D0BBD7B}
		{1F0929AF-722C-4D58-AFCE-1632AFC9059F} = {11EF10FC-6081-4406-BEA2-358D6D0BBD7B}
		{0655E317-B0FA-461B-89D7-72FF4BF56607} = {11EF10FC-6081-4406-BEA2-358D6D0BBD7B}
		{1B880E0E-9A00-4AC1-90EE-2ED273B5A6A7} = {11EF10FC-6081-4406-BEA2-358D6D0BBD7B}
		{B53AC2CF-D9F7-41FA-B999-2C8A8BE9161A} = {8EFDA0B3-740A-4A91-9456-3959BF3922CF}
		{E82E3488-DF96-4A5D-A995-DEC8B637AC82} = {096CA802-CCCA-40E1-BD68-17F4EA19FF58}
		{E05372BC-A57C-49B4-A09D-D014209560A5} = {E82E3488-DF96-4A5D-A995-DEC8B637AC82}
		{757873D7-9FE2-478C-B800-9F61D313C633} = {E82E3488-DF96-4A5D-A995-DEC8B637AC82}
		{1F7D4103-AD04-4092-A6A8-D90F8C884D4A} = {E82E3488-DF96-4A5D-A995-DEC8B637AC82}
		{D6A704C8-D07E-4438-AD13-D2980012F077} = {096CA802-CCCA-40E1-BD68-17F4EA19FF58}
		{254AFFAE-BF77-4F2A-9480-7DA7F2AA0855} = {D6A704C8-D07E-4438-AD13-D2980012F077}
		{3C34326D-D720-40EE-A5FC-7B7EA885E07C} = {D6A704C8-D07E-4438-AD13-D2980012F077}
		{2BC20E93-FBB2-459A-B8BC-6934AA510A31} = {D6A704C8-D07E-4438-AD13-D2980012F077}
		{F26784EB-30AE-4B43-8CEB-98FB167DFCF3} = {D6A704C8-D07E-4438-AD13-D2980012F077}
		{A2BD640B-DC80-41A0-9080-657C0474BE58} = {B53AC2CF-D9F7-41FA-B999-2C8A8BE9161A}
		{B1D050E3-838B-4620-BB2D-6B1E2EB9AE9C} = {B53AC2CF-D9F7-41FA-B999-2C8A8BE9161A}
		{097C42CF-4C67-4777-A690-7DBE960E143D} = {096CA802-CCCA-40E1-BD68-17F4EA19FF58}
		{580155C1-B5B1-4D52-A71B-F9A44A98D89A} = {097C42CF-4C67-4777-A690-7DBE960E143D}
		{6DF899A9-FF46-404C-B192-0B764177C5D0} = {097C42CF-4C67-4777-A690-7DBE960E143D}
		{FAF3DE93-4AD5-4AD5-8739-2867E99290B2} = {097C42CF-4C67-4777-A690-7DBE960E143D}
		{6DA3C724-49FD-451F-BBD5-FFC5DD89EFE8} = {096CA802-CCCA-40E1-BD68-17F4EA19FF58}
		{0B30FEB1-1E72-444D-AD2B-993C23B31CF2} = {6DA3C724-49FD-451F-BBD5-FFC5DD89EFE8}
	EndGlobalSection
	GlobalSection(ExtensibilityGlobals) = postSolution
		SolutionGuid = {1C1EBC4B-E1EA-467C-AF59-F892A69381F4}
	EndGlobalSection
EndGlobal
